
Microsoft Visual Studio Solution File, Format Version 12.00
# Visual Studio Version 17
VisualStudioVersion = 17.3.32825.248
MinimumVisualStudioVersion = 10.0.40219.1
Project("{FAE04EC0-301F-11D3-BF4B-00C04F79EFBC}") = "Lab7_FlyweightPattern_Flowers", "Lab7_FlyweightPattern_Flowers\Lab7_FlyweightPattern_Flowers.csproj", "{38062B6C-A9E5-4CCA-B0E7-2510739018B2}"
EndProject
Project("{FAE04EC0-301F-11D3-BF4B-00C04F79EFBC}") = "FlyweightFlowersLib", "FlyweightFlowersLib\FlyweightFlowersLib.csproj", "{B770902A-9A9F-4DBA-BE50-A13445F44C90}"
EndProject
Global
	GlobalSection(SolutionConfigurationPlatforms) = preSolution
		Debug|Any CPU = Debug|Any CPU
		Release|Any CPU = Release|Any CPU
	EndGlobalSection
	GlobalSection(ProjectConfigurationPlatforms) = postSolution
		{38062B6C-A9E5-4CCA-B0E7-2510739018B2}.Debug|Any CPU.ActiveCfg = Debug|Any CPU
		{38062B6C-A9E5-4CCA-B0E7-2510739018B2}.Debug|Any CPU.Build.0 = Debug|Any CPU
		{38062B6C-A9E5-4CCA-B0E7-2510739018B2}.Release|Any CPU.ActiveCfg = Release|Any CPU
		{38062B6C-A9E5-4CCA-B0E7-2510739018B2}.Release|Any CPU.Build.0 = Release|Any CPU
		{B770902A-9A9F-4DBA-BE50-A13445F44C90}.Debug|Any CPU.ActiveCfg = Debug|Any CPU
		{B770902A-9A9F-4DBA-BE50-A13445F44C90}.Debug|Any CPU.Build.0 = Debug|Any CPU
		{B770902A-9A9F-4DBA-BE50-A13445F44C90}.Release|Any CPU.ActiveCfg = Release|Any CPU
		{B770902A-9A9F-4DBA-BE50-A13445F44C90}.Release|Any CPU.Build.0 = Release|Any CPU
	EndGlobalSection
	GlobalSection(SolutionProperties) = preSolution
		HideSolutionNode = FALSE
	EndGlobalSection
	GlobalSection(ExtensibilityGlobals) = postSolution
		SolutionGuid = {8038BAB7-1EB5-4E21-84FA-B10C190993B1}
	EndGlobalSection
EndGlobal
